{
  "requires": true,
  "lockfileVersion": 1,
  "dependencies": {
    "vue-in-viewport-directive": {
      "version": "2.0.0",
      "resolved": "https://registry.npmjs.org/vue-in-viewport-directive/-/vue-in-viewport-directive-2.0.0.tgz",
      "integrity": "sha512-Ck8a89R2Bb6WxVUvw/WPP9ESz1tmDO7Zlj0ia2MXGI8tRNA54YYbdPNPLv5HfrSnoQ7efsFW0GYA1lxIPAowow=="
    }
  }
}
